{
    "version": 3,
    "terraform_version": "0.11.13",
    "serial": 3,
    "lineage": "7762e1f9-4136-9c11-d5bd-1b0d344584f8",
    "modules": [
        {
            "path": [
                "root"
            ],
            "outputs": {},
            "resources": {},
            "depends_on": []
        },
        {
            "path": [
                "root",
                "app"
            ],
            "outputs": {
                "app_external_ip": {
                    "sensitive": false,
                    "type": "string",
                    "value": "35.240.67.233"
                }
            },
            "resources": {
                "google_compute_address.app_ip": {
                    "type": "google_compute_address",
                    "depends_on": [],
                    "primary": {
                        "id": "projects/infra-227618/regions/europe-west1/addresses/reddit-app-ip",
                        "attributes": {
                            "address": "35.240.67.233",
                            "address_type": "EXTERNAL",
                            "id": "projects/infra-227618/regions/europe-west1/addresses/reddit-app-ip",
                            "name": "reddit-app-ip",
                            "project": "infra-227618",
                            "region": "europe-west1",
                            "self_link": "https://www.googleapis.com/compute/v1/projects/infra-227618/regions/europe-west1/addresses/reddit-app-ip",
                            "subnetwork": ""
                        },
                        "meta": {
                            "schema_version": "1"
                        },
                        "tainted": false
                    },
                    "deposed": [],
                    "provider": "provider.google"
                },
                "google_compute_instance.app": {
                    "type": "google_compute_instance",
                    "depends_on": [
                        "google_compute_address.app_ip"
                    ],
                    "primary": {
                        "id": "reddit-app",
                        "attributes": {
                            "attached_disk.#": "0",
                            "boot_disk.#": "1",
                            "boot_disk.0.auto_delete": "true",
                            "boot_disk.0.device_name": "persistent-disk-0",
                            "boot_disk.0.disk_encryption_key_raw": "",
                            "boot_disk.0.disk_encryption_key_sha256": "",
                            "boot_disk.0.initialize_params.#": "1",
                            "boot_disk.0.initialize_params.0.image": "reddit-app-1554061107",
                            "boot_disk.0.initialize_params.0.size": "0",
                            "boot_disk.0.initialize_params.0.type": "",
                            "boot_disk.0.source": "https://www.googleapis.com/compute/v1/projects/infra-227618/zones/europe-west1-b/disks/reddit-app",
                            "can_ip_forward": "false",
                            "cpu_platform": "Intel Sandy Bridge",
                            "create_timeout": "4",
                            "guest_accelerator.#": "0",
                            "id": "reddit-app",
                            "instance_id": "2753512031092869873",
                            "label_fingerprint": "42WmSpB8rSM=",
                            "machine_type": "g1-small",
                            "metadata.%": "1",
                            "metadata.ssh-keys": "appuser:ssh-rsa AAAAB3NzaC1yc2EAAAADAQABAAABAQCnJAV/LQEqe7sQrqh/FYbDXI9mYdKlHq8xNmTq/Lb217olUBwNcbZtG2Q8swOHzZgO0s9tEv+wYTV9vTSEh4omCUjVEYlwbxEF+teBkgLtFh2xF/icIQI+iK81EkrJf+XwzWu0i+E62Pswfg++Ll8Pt5v/whCvNq4BFsXmyr07w9xBF/QzzfZqbnzwxRzIVzeOIFXIs7uts/pTDd10oUXVtP/vhD6ur2HP92lqXQp9YQrx9tCycxRKZBoHCAUHSovVg9YXrLlu3DxGmJECETAAcVpi4gWLDzlIaLqGBZPzD7/REUdsSgMBpMbwEcROcG/xdTJ9YozSrZmP+SBZok6N appuser\n",
                            "metadata_fingerprint": "MR2pZeX1QHE=",
                            "min_cpu_platform": "",
                            "name": "reddit-app",
                            "network_interface.#": "1",
                            "network_interface.0.access_config.#": "1",
                            "network_interface.0.access_config.0.assigned_nat_ip": "35.240.67.233",
                            "network_interface.0.access_config.0.nat_ip": "35.240.67.233",
                            "network_interface.0.address": "10.132.0.33",
                            "network_interface.0.alias_ip_range.#": "0",
                            "network_interface.0.name": "nic0",
                            "network_interface.0.network": "https://www.googleapis.com/compute/v1/projects/infra-227618/global/networks/default",
                            "network_interface.0.network_ip": "10.132.0.33",
                            "network_interface.0.subnetwork": "https://www.googleapis.com/compute/v1/projects/infra-227618/regions/europe-west1/subnetworks/default",
                            "network_interface.0.subnetwork_project": "infra-227618",
                            "project": "infra-227618",
                            "scheduling.#": "1",
                            "scheduling.0.automatic_restart": "true",
                            "scheduling.0.on_host_maintenance": "MIGRATE",
                            "scheduling.0.preemptible": "false",
                            "scratch_disk.#": "0",
                            "self_link": "https://www.googleapis.com/compute/v1/projects/infra-227618/zones/europe-west1-b/instances/reddit-app",
                            "service_account.#": "0",
                            "tags.#": "1",
                            "tags.1799682348": "reddit-app",
                            "tags_fingerprint": "M-ggixIz-AU=",
                            "zone": "europe-west1-b"
                        },
                        "meta": {
                            "schema_version": "6"
                        },
                        "tainted": false
                    },
                    "deposed": [],
                    "provider": "provider.google"
                }
            },
            "depends_on": []
        },
        {
            "path": [
                "root",
                "db"
            ],
            "outputs": {},
            "resources": {
                "google_compute_instance.db": {
                    "type": "google_compute_instance",
                    "depends_on": [],
                    "primary": {
                        "id": "reddit-db",
                        "attributes": {
                            "attached_disk.#": "0",
                            "boot_disk.#": "1",
                            "boot_disk.0.auto_delete": "true",
                            "boot_disk.0.device_name": "persistent-disk-0",
                            "boot_disk.0.disk_encryption_key_raw": "",
                            "boot_disk.0.disk_encryption_key_sha256": "",
                            "boot_disk.0.initialize_params.#": "1",
                            "boot_disk.0.initialize_params.0.image": "reddit-db-1554061702",
                            "boot_disk.0.initialize_params.0.size": "0",
                            "boot_disk.0.initialize_params.0.type": "",
                            "boot_disk.0.source": "https://www.googleapis.com/compute/v1/projects/infra-227618/zones/europe-west1-b/disks/reddit-db",
                            "can_ip_forward": "false",
                            "cpu_platform": "Intel Sandy Bridge",
                            "create_timeout": "4",
                            "guest_accelerator.#": "0",
                            "id": "reddit-db",
                            "instance_id": "3106936948486179580",
                            "label_fingerprint": "42WmSpB8rSM=",
                            "machine_type": "g1-small",
                            "metadata.%": "1",
                            "metadata.ssh-keys": "appuser:ssh-rsa AAAAB3NzaC1yc2EAAAADAQABAAABAQCnJAV/LQEqe7sQrqh/FYbDXI9mYdKlHq8xNmTq/Lb217olUBwNcbZtG2Q8swOHzZgO0s9tEv+wYTV9vTSEh4omCUjVEYlwbxEF+teBkgLtFh2xF/icIQI+iK81EkrJf+XwzWu0i+E62Pswfg++Ll8Pt5v/whCvNq4BFsXmyr07w9xBF/QzzfZqbnzwxRzIVzeOIFXIs7uts/pTDd10oUXVtP/vhD6ur2HP92lqXQp9YQrx9tCycxRKZBoHCAUHSovVg9YXrLlu3DxGmJECETAAcVpi4gWLDzlIaLqGBZPzD7/REUdsSgMBpMbwEcROcG/xdTJ9YozSrZmP+SBZok6N appuser\n",
                            "metadata_fingerprint": "MR2pZeX1QHE=",
                            "min_cpu_platform": "",
                            "name": "reddit-db",
                            "network_interface.#": "1",
                            "network_interface.0.access_config.#": "1",
                            "network_interface.0.access_config.0.assigned_nat_ip": "34.76.96.240",
                            "network_interface.0.access_config.0.nat_ip": "34.76.96.240",
                            "network_interface.0.address": "10.132.0.32",
                            "network_interface.0.alias_ip_range.#": "0",
                            "network_interface.0.name": "nic0",
                            "network_interface.0.network": "https://www.googleapis.com/compute/v1/projects/infra-227618/global/networks/default",
                            "network_interface.0.network_ip": "10.132.0.32",
                            "network_interface.0.subnetwork": "https://www.googleapis.com/compute/v1/projects/infra-227618/regions/europe-west1/subnetworks/default",
                            "network_interface.0.subnetwork_project": "infra-227618",
                            "project": "infra-227618",
                            "scheduling.#": "1",
                            "scheduling.0.automatic_restart": "true",
                            "scheduling.0.on_host_maintenance": "MIGRATE",
                            "scheduling.0.preemptible": "false",
                            "scratch_disk.#": "0",
                            "self_link": "https://www.googleapis.com/compute/v1/projects/infra-227618/zones/europe-west1-b/instances/reddit-db",
                            "service_account.#": "0",
                            "tags.#": "1",
                            "tags.2920033547": "reddit-db",
                            "tags_fingerprint": "NQyRUqL7UTU=",
                            "zone": "europe-west1-b"
                        },
                        "meta": {
                            "schema_version": "6"
                        },
                        "tainted": false
                    },
                    "deposed": [],
                    "provider": "provider.google"
                }
            },
            "depends_on": []
        },
        {
            "path": [
                "root",
                "vpc"
            ],
            "outputs": {},
            "resources": {
                "google_compute_firewall.firewall_mongo": {
                    "type": "google_compute_firewall",
                    "depends_on": [],
                    "primary": {
                        "id": "allow-mongo-default",
                        "attributes": {
                            "allow.#": "1",
                            "allow.555053134.ports.#": "1",
                            "allow.555053134.ports.0": "27017",
                            "allow.555053134.protocol": "tcp",
                            "deny.#": "0",
                            "description": "",
                            "destination_ranges.#": "0",
                            "id": "allow-mongo-default",
                            "name": "allow-mongo-default",
                            "network": "https://www.googleapis.com/compute/v1/projects/infra-227618/global/networks/default",
                            "priority": "1000",
                            "project": "infra-227618",
                            "self_link": "https://www.googleapis.com/compute/v1/projects/infra-227618/global/firewalls/allow-mongo-default",
                            "source_ranges.#": "0",
                            "source_service_accounts.#": "0",
                            "source_tags.#": "1",
                            "source_tags.1799682348": "reddit-app",
                            "target_service_accounts.#": "0",
                            "target_tags.#": "1",
                            "target_tags.1799682348": "reddit-app"
                        },
                        "meta": {
                            "schema_version": "1"
                        },
                        "tainted": false
                    },
                    "deposed": [],
                    "provider": "provider.google"
                },
                "google_compute_firewall.firewall_puma": {
                    "type": "google_compute_firewall",
                    "depends_on": [],
                    "primary": {
                        "id": "allow-puma-default",
                        "attributes": {
                            "allow.#": "1",
                            "allow.931060522.ports.#": "1",
                            "allow.931060522.ports.0": "9292",
                            "allow.931060522.protocol": "tcp",
                            "deny.#": "0",
                            "description": "",
                            "destination_ranges.#": "0",
                            "id": "allow-puma-default",
                            "name": "allow-puma-default",
                            "network": "https://www.googleapis.com/compute/v1/projects/infra-227618/global/networks/default",
                            "priority": "1000",
                            "project": "infra-227618",
                            "self_link": "https://www.googleapis.com/compute/v1/projects/infra-227618/global/firewalls/allow-puma-default",
                            "source_ranges.#": "1",
                            "source_ranges.1080289494": "0.0.0.0/0",
                            "source_service_accounts.#": "0",
                            "source_tags.#": "0",
                            "target_service_accounts.#": "0",
                            "target_tags.#": "1",
                            "target_tags.1799682348": "reddit-app"
                        },
                        "meta": {
                            "schema_version": "1"
                        },
                        "tainted": false
                    },
                    "deposed": [],
                    "provider": "provider.google"
                },
                "google_compute_firewall.firewall_ssh": {
                    "type": "google_compute_firewall",
                    "depends_on": [],
                    "primary": {
                        "id": "default-allow-ssh",
                        "attributes": {
                            "allow.#": "1",
                            "allow.803338340.ports.#": "1",
                            "allow.803338340.ports.0": "22",
                            "allow.803338340.protocol": "tcp",
                            "deny.#": "0",
                            "description": "",
                            "destination_ranges.#": "0",
                            "id": "default-allow-ssh",
                            "name": "default-allow-ssh",
                            "network": "https://www.googleapis.com/compute/v1/projects/infra-227618/global/networks/default",
                            "priority": "1000",
                            "project": "infra-227618",
                            "self_link": "https://www.googleapis.com/compute/v1/projects/infra-227618/global/firewalls/default-allow-ssh",
                            "source_ranges.#": "1",
                            "source_ranges.2692425597": "193.105.107.155/32",
                            "source_service_accounts.#": "0",
                            "source_tags.#": "0",
                            "target_service_accounts.#": "0",
                            "target_tags.#": "0"
                        },
                        "meta": {
                            "schema_version": "1"
                        },
                        "tainted": false
                    },
                    "deposed": [],
                    "provider": "provider.google"
                }
            },
            "depends_on": []
        }
    ]
}
