{
    "version": 3,
    "terraform_version": "0.11.13",
    "serial": 27,
    "lineage": "c595bf93-189b-82c2-808e-ac897058fd20",
    "modules": [
        {
            "path": [
                "root"
            ],
            "outputs": {
                "storage-bucket_url": {
                    "sensitive": false,
                    "type": "list",
                    "value": [
                        "gs://storage-bucket-infra",
                        "gs://storage-bucket-infra2"
                    ]
                }
            },
            "resources": {},
            "depends_on": []
        },
        {
            "path": [
                "root",
                "storage-bucket"
            ],
            "outputs": {
                "name": {
                    "sensitive": false,
                    "type": "list",
                    "value": [
                        "storage-bucket-infra",
                        "storage-bucket-infra2"
                    ]
                },
                "self_link": {
                    "sensitive": false,
                    "type": "list",
                    "value": [
                        "https://www.googleapis.com/storage/v1/b/storage-bucket-infra",
                        "https://www.googleapis.com/storage/v1/b/storage-bucket-infra2"
                    ]
                },
                "url": {
                    "sensitive": false,
                    "type": "list",
                    "value": [
                        "gs://storage-bucket-infra",
                        "gs://storage-bucket-infra2"
                    ]
                }
            },
            "resources": {
                "data.google_client_config.default": {
                    "type": "google_client_config",
                    "depends_on": [],
                    "primary": {
                        "id": "2019-04-02 20:03:10.01958 +0000 UTC",
                        "attributes": {
                            "id": "2019-04-02 20:03:10.01958 +0000 UTC",
                            "project": "infra-227618",
                            "region": "europe-west1"
                        },
                        "meta": {},
                        "tainted": false
                    },
                    "deposed": [],
                    "provider": "provider.google"
                },
                "google_storage_bucket.default.0": {
                    "type": "google_storage_bucket",
                    "depends_on": [
                        "data.google_client_config.default"
                    ],
                    "primary": {
                        "id": "storage-bucket-infra",
                        "attributes": {
                            "cors.#": "0",
                            "force_destroy": "false",
                            "id": "storage-bucket-infra",
                            "labels.%": "0",
                            "lifecycle_rule.#": "1",
                            "lifecycle_rule.0.action.#": "1",
                            "lifecycle_rule.0.action.326341837.storage_class": "NEARLINE",
                            "lifecycle_rule.0.action.326341837.type": "SetStorageClass",
                            "lifecycle_rule.0.condition.#": "1",
                            "lifecycle_rule.0.condition.3516638099.age": "60",
                            "lifecycle_rule.0.condition.3516638099.created_before": "2017-06-13",
                            "lifecycle_rule.0.condition.3516638099.is_live": "false",
                            "lifecycle_rule.0.condition.3516638099.matches_storage_class.#": "1",
                            "lifecycle_rule.0.condition.3516638099.matches_storage_class.0": "REGIONAL",
                            "lifecycle_rule.0.condition.3516638099.num_newer_versions": "10",
                            "location": "EUROPE-WEST1",
                            "name": "storage-bucket-infra",
                            "project": "infra-227618",
                            "self_link": "https://www.googleapis.com/storage/v1/b/storage-bucket-infra",
                            "storage_class": "REGIONAL",
                            "url": "gs://storage-bucket-infra",
                            "versioning.#": "1",
                            "versioning.0.enabled": "true"
                        },
                        "meta": {},
                        "tainted": false
                    },
                    "deposed": [],
                    "provider": "provider.google"
                },
                "google_storage_bucket.default.1": {
                    "type": "google_storage_bucket",
                    "depends_on": [
                        "data.google_client_config.default"
                    ],
                    "primary": {
                        "id": "storage-bucket-infra2",
                        "attributes": {
                            "cors.#": "0",
                            "force_destroy": "false",
                            "id": "storage-bucket-infra2",
                            "labels.%": "0",
                            "lifecycle_rule.#": "1",
                            "lifecycle_rule.0.action.#": "1",
                            "lifecycle_rule.0.action.326341837.storage_class": "NEARLINE",
                            "lifecycle_rule.0.action.326341837.type": "SetStorageClass",
                            "lifecycle_rule.0.condition.#": "1",
                            "lifecycle_rule.0.condition.3516638099.age": "60",
                            "lifecycle_rule.0.condition.3516638099.created_before": "2017-06-13",
                            "lifecycle_rule.0.condition.3516638099.is_live": "false",
                            "lifecycle_rule.0.condition.3516638099.matches_storage_class.#": "1",
                            "lifecycle_rule.0.condition.3516638099.matches_storage_class.0": "REGIONAL",
                            "lifecycle_rule.0.condition.3516638099.num_newer_versions": "10",
                            "location": "EUROPE-WEST1",
                            "name": "storage-bucket-infra2",
                            "project": "infra-227618",
                            "self_link": "https://www.googleapis.com/storage/v1/b/storage-bucket-infra2",
                            "storage_class": "REGIONAL",
                            "url": "gs://storage-bucket-infra2",
                            "versioning.#": "1",
                            "versioning.0.enabled": "true"
                        },
                        "meta": {},
                        "tainted": false
                    },
                    "deposed": [],
                    "provider": "provider.google"
                }
            },
            "depends_on": []
        }
    ]
}
